
Microsoft Visual Studio Solution File, Format Version 12.00
# Visual Studio 15
VisualStudioVersion = 15.0.27130.2020
MinimumVisualStudioVersion = 10.0.40219.1
Project("{FAE04EC0-301F-11D3-BF4B-00C04F79EFBC}") = "LINQ", "LINQ\LINQ.csproj", "{C6C14EEF-6826-4B40-B74E-43D197653A15}"
EndProject
Global
	GlobalSection(SolutionConfigurationPlatforms) = preSolution
		Debug|Any CPU = Debug|Any CPU
		Release|Any CPU = Release|Any CPU
	EndGlobalSection
	GlobalSection(ProjectConfigurationPlatforms) = postSolution
		{C6C14EEF-6826-4B40-B74E-43D197653A15}.Debug|Any CPU.ActiveCfg = Debug|Any CPU
		{C6C14EEF-6826-4B40-B74E-43D197653A15}.Debug|Any CPU.Build.0 = Debug|Any CPU
		{C6C14EEF-6826-4B40-B74E-43D197653A15}.Release|Any CPU.ActiveCfg = Release|Any CPU
		{C6C14EEF-6826-4B40-B74E-43D197653A15}.Release|Any CPU.Build.0 = Release|Any CPU
	EndGlobalSection
	GlobalSection(SolutionProperties) = preSolution
		HideSolutionNode = FALSE
	EndGlobalSection
	GlobalSection(ExtensibilityGlobals) = postSolution
		SolutionGuid = {A6C34DEA-9E0A-433D-9D9A-8D39618042F6}
	EndGlobalSection
EndGlobal
